Microsoft Visual Studio Solution File, Format Version 11.00
# Visual Studio 2008

Project("{2E6069BD-6141-9AC4-ECD8-AA52B3AD427C}") = "new parallax system", "Assembly-CSharp.csproj", "{4A6974CD-EA33-02C5-6D50-BCDBE73C4CAA}"
EndProject
Global
	GlobalSection(SolutionConfigurationPlatforms) = preSolution
		Debug|Any CPU = Debug|Any CPU
		Release|Any CPU = Release|Any CPU
	EndGlobalSection
	GlobalSection(ProjectConfigurationPlatforms) = postSolution
		{4A6974CD-EA33-02C5-6D50-BCDBE73C4CAA}.Debug|Any CPU.ActiveCfg = Debug|Any CPU
		{4A6974CD-EA33-02C5-6D50-BCDBE73C4CAA}.Debug|Any CPU.Build.0 = Debug|Any CPU
		{4A6974CD-EA33-02C5-6D50-BCDBE73C4CAA}.Release|Any CPU.ActiveCfg = Release|Any CPU
		{4A6974CD-EA33-02C5-6D50-BCDBE73C4CAA}.Release|Any CPU.Build.0 = Release|Any CPU
	EndGlobalSection
	GlobalSection(SolutionProperties) = preSolution
		HideSolutionNode = FALSE
	EndGlobalSection
	GlobalSection(MonoDevelopProperties) = preSolution
		StartupItem = Assembly-CSharp.csproj
	EndGlobalSection
EndGlobal
